// !$*UTF8*$!
{
	archiveVersion = 1;
	classes = {
	};
	objectVersion = 50;
	objects = {

/* Begin PBXBuildFile section */
		4D4D0072213FAE3A0093302A /* AppDelegate.swift in Sources */ = {isa = PBXBuildFile; fileRef = 4D4D0071213FAE3A0093302A /* AppDelegate.swift */; };
		4D4D0077213FAE3A0093302A /* Main.storyboard in Resources */ = {isa = PBXBuildFile; fileRef = 4D4D0075213FAE3A0093302A /* Main.storyboard */; };
		4D4D0079213FAE3E0093302A /* Assets.xcassets in Resources */ = {isa = PBXBuildFile; fileRef = 4D4D0078213FAE3E0093302A /* Assets.xcassets */; };
		4D4D007C213FAE3E0093302A /* LaunchScreen.storyboard in Resources */ = {isa = PBXBuildFile; fileRef = 4D4D007A213FAE3E0093302A /* LaunchScreen.storyboard */; };
		4D4D0085213FAF740093302A /* LoginViewController.swift in Sources */ = {isa = PBXBuildFile; fileRef = 4D4D0084213FAF740093302A /* LoginViewController.swift */; };
		4D4D0087213FB8460093302A /* HomeViewController.swift in Sources */ = {isa = PBXBuildFile; fileRef = 4D4D0086213FB8460093302A /* HomeViewController.swift */; };
		4D4D008B213FC7B70093302A /* Gallery.xcdatamodeld in Sources */ = {isa = PBXBuildFile; fileRef = 4D4D0089213FC7B70093302A /* Gallery.xcdatamodeld */; };
		4D4D0092213FD25F0093302A /* UserModel+CoreDataClass.swift in Sources */ = {isa = PBXBuildFile; fileRef = 4D4D0090213FD25F0093302A /* UserModel+CoreDataClass.swift */; };
		4D4D0093213FD25F0093302A /* UserModel+CoreDataProperties.swift in Sources */ = {isa = PBXBuildFile; fileRef = 4D4D0091213FD25F0093302A /* UserModel+CoreDataProperties.swift */; };
		4D4D0095213FE7E60093302A /* ProfileViewController.swift in Sources */ = {isa = PBXBuildFile; fileRef = 4D4D0094213FE7E60093302A /* ProfileViewController.swift */; };
/* End PBXBuildFile section */

/* Begin PBXFileReference section */
		4D4D006E213FAE3A0093302A /* Gallery.app */ = {isa = PBXFileReference; explicitFileType = wrapper.application; includeInIndex = 0; path = Gallery.app; sourceTree = BUILT_PRODUCTS_DIR; };
		4D4D0071213FAE3A0093302A /* AppDelegate.swift */ = {isa = PBXFileReference; lastKnownFileType = sourcecode.swift; path = AppDelegate.swift; sourceTree = "<group>"; };
		4D4D0076213FAE3A0093302A /* Base */ = {isa = PBXFileReference; lastKnownFileType = file.storyboard; name = Base; path = Base.lproj/Main.storyboard; sourceTree = "<group>"; };
		4D4D0078213FAE3E0093302A /* Assets.xcassets */ = {isa = PBXFileReference; lastKnownFileType = folder.assetcatalog; path = Assets.xcassets; sourceTree = "<group>"; };
		4D4D007B213FAE3E0093302A /* Base */ = {isa = PBXFileReference; lastKnownFileType = file.storyboard; name = Base; path = Base.lproj/LaunchScreen.storyboard; sourceTree = "<group>"; };
		4D4D007D213FAE3E0093302A /* Info.plist */ = {isa = PBXFileReference; lastKnownFileType = text.plist.xml; path = Info.plist; sourceTree = "<group>"; };
		4D4D0084213FAF740093302A /* LoginViewController.swift */ = {isa = PBXFileReference; lastKnownFileType = sourcecode.swift; path = LoginViewController.swift; sourceTree = "<group>"; };
		4D4D0086213FB8460093302A /* HomeViewController.swift */ = {isa = PBXFileReference; lastKnownFileType = sourcecode.swift; path = HomeViewController.swift; sourceTree = "<group>"; };
		4D4D008A213FC7B70093302A /* Gallery.xcdatamodel */ = {isa = PBXFileReference; lastKnownFileType = wrapper.xcdatamodel; path = Gallery.xcdatamodel; sourceTree = "<group>"; };
		4D4D0090213FD25F0093302A /* UserModel+CoreDataClass.swift */ = {isa = PBXFileReference; lastKnownFileType = sourcecode.swift; path = "UserModel+CoreDataClass.swift"; sourceTree = "<group>"; };
		4D4D0091213FD25F0093302A /* UserModel+CoreDataProperties.swift */ = {isa = PBXFileReference; lastKnownFileType = sourcecode.swift; path = "UserModel+CoreDataProperties.swift"; sourceTree = "<group>"; };
		4D4D0094213FE7E60093302A /* ProfileViewController.swift */ = {isa = PBXFileReference; lastKnownFileType = sourcecode.swift; path = ProfileViewController.swift; sourceTree = "<group>"; };
/* End PBXFileReference section */

/* Begin PBXFrameworksBuildPhase section */
		4D4D006B213FAE3A0093302A /* Frameworks */ = {
			isa = PBXFrameworksBuildPhase;
			buildActionMask = 2147483647;
			files = (
			);
			runOnlyForDeploymentPostprocessing = 0;
		};
/* End PBXFrameworksBuildPhase section */

/* Begin PBXGroup section */
		4D4D0065213FAE3A0093302A = {
			isa = PBXGroup;
			children = (
				4D4D0070213FAE3A0093302A /* Gallery */,
				4D4D006F213FAE3A0093302A /* Products */,
			);
			sourceTree = "<group>";
		};
		4D4D006F213FAE3A0093302A /* Products */ = {
			isa = PBXGroup;
			children = (
				4D4D006E213FAE3A0093302A /* Gallery.app */,
			);
			name = Products;
			sourceTree = "<group>";
		};
		4D4D0070213FAE3A0093302A /* Gallery */ = {
			isa = PBXGroup;
			children = (
				4D4D0088213FC7680093302A /* Model */,
				4D4D0083213FAF4C0093302A /* ViewController */,
				4D4D0071213FAE3A0093302A /* AppDelegate.swift */,
				4D4D0075213FAE3A0093302A /* Main.storyboard */,
				4D4D0078213FAE3E0093302A /* Assets.xcassets */,
				4D4D007A213FAE3E0093302A /* LaunchScreen.storyboard */,
				4D4D007D213FAE3E0093302A /* Info.plist */,
			);
			path = Gallery;
			sourceTree = "<group>";
		};
		4D4D0083213FAF4C0093302A /* ViewController */ = {
			isa = PBXGroup;
			children = (
				4D4D0084213FAF740093302A /* LoginViewController.swift */,
				4D4D0086213FB8460093302A /* HomeViewController.swift */,
				4D4D0094213FE7E60093302A /* ProfileViewController.swift */,
			);
			path = ViewController;
			sourceTree = "<group>";
		};
		4D4D0088213FC7680093302A /* Model */ = {
			isa = PBXGroup;
			children = (
				4D4D0090213FD25F0093302A /* UserModel+CoreDataClass.swift */,
				4D4D0091213FD25F0093302A /* UserModel+CoreDataProperties.swift */,
				4D4D0089213FC7B70093302A /* Gallery.xcdatamodeld */,
			);
			path = Model;
			sourceTree = "<group>";
		};
/* End PBXGroup section */

/* Begin PBXNativeTarget section */
		4D4D006D213FAE3A0093302A /* Gallery */ = {
			isa = PBXNativeTarget;
			buildConfigurationList = 4D4D0080213FAE3E0093302A /* Build configuration list for PBXNativeTarget "Gallery" */;
			buildPhases = (
				4D4D006A213FAE3A0093302A /* Sources */,
				4D4D006B213FAE3A0093302A /* Frameworks */,
				4D4D006C213FAE3A0093302A /* Resources */,
			);
			buildRules = (
			);
			dependencies = (
			);
			name = Gallery;
			productName = Gallery;
			productReference = 4D4D006E213FAE3A0093302A /* Gallery.app */;
			productType = "com.apple.product-type.application";
		};
/* End PBXNativeTarget section */

/* Begin PBXProject section */
		4D4D0066213FAE3A0093302A /* Project object */ = {
			isa = PBXProject;
			attributes = {
				LastSwiftUpdateCheck = 0940;
				LastUpgradeCheck = 0940;
				ORGANIZATIONNAME = "Owen Cahyadi";
				TargetAttributes = {
					4D4D006D213FAE3A0093302A = {
						CreatedOnToolsVersion = 9.4.1;
					};
				};
			};
			buildConfigurationList = 4D4D0069213FAE3A0093302A /* Build configuration list for PBXProject "Gallery" */;
			compatibilityVersion = "Xcode 9.3";
			developmentRegion = en;
			hasScannedForEncodings = 0;
			knownRegions = (
				en,
				Base,
			);
			mainGroup = 4D4D0065213FAE3A0093302A;
			productRefGroup = 4D4D006F213FAE3A0093302A /* Products */;
			projectDirPath = "";
			projectRoot = "";
			targets = (
				4D4D006D213FAE3A0093302A /* Gallery */,
			);
		};
/* End PBXProject section */

/* Begin PBXResourcesBuildPhase section */
		4D4D006C213FAE3A0093302A /* Resources */ = {
			isa = PBXResourcesBuildPhase;
			buildActionMask = 2147483647;
			files = (
				4D4D007C213FAE3E0093302A /* LaunchScreen.storyboard in Resources */,
				4D4D0079213FAE3E0093302A /* Assets.xcassets in Resources */,
				4D4D0077213FAE3A0093302A /* Main.storyboard in Resources */,
			);
			runOnlyForDeploymentPostprocessing = 0;
		};
/* End PBXResourcesBuildPhase section */

/* Begin PBXSourcesBuildPhase section */
		4D4D006A213FAE3A0093302A /* Sources */ = {
			isa = PBXSourcesBuildPhase;
			buildActionMask = 2147483647;
			files = (
				4D4D008B213FC7B70093302A /* Gallery.xcdatamodeld in Sources */,
				4D4D0085213FAF740093302A /* LoginViewController.swift in Sources */,
				4D4D0092213FD25F0093302A /* UserModel+CoreDataClass.swift in Sources */,
				4D4D0072213FAE3A0093302A /* AppDelegate.swift in Sources */,
				4D4D0095213FE7E60093302A /* ProfileViewController.swift in Sources */,
				4D4D0093213FD25F0093302A /* UserModel+CoreDataProperties.swift in Sources */,
				4D4D0087213FB8460093302A /* HomeViewController.swift in Sources */,
			);
			runOnlyForDeploymentPostprocessing = 0;
		};
/* End PBXSourcesBuildPhase section */

/* Begin PBXVariantGroup section */
		4D4D0075213FAE3A0093302A /* Main.storyboard */ = {
			isa = PBXVariantGroup;
			children = (
				4D4D0076213FAE3A0093302A /* Base */,
			);
			name = Main.storyboard;
			sourceTree = "<group>";
		};
		4D4D007A213FAE3E0093302A /* LaunchScreen.storyboard */ = {
			isa = PBXVariantGroup;
			children = (
				4D4D007B213FAE3E0093302A /* Base */,
			);
			name = LaunchScreen.storyboard;
			sourceTree = "<group>";
		};
/* End PBXVariantGroup section */

/* Begin XCBuildConfiguration section */
		4D4D007E213FAE3E0093302A /* Debug */ = {
			isa = XCBuildConfiguration;
			buildSettings = {
				ALWAYS_SEARCH_USER_PATHS = NO;
				CLANG_ANALYZER_NONNULL = YES;
				CLANG_ANALYZER_NUMBER_OBJECT_CONVERSION = YES_AGGRESSIVE;
				CLANG_CXX_LANGUAGE_STANDARD = "gnu++14";
				CLANG_CXX_LIBRARY = "libc++";
				CLANG_ENABLE_MODULES = YES;
				CLANG_ENABLE_OBJC_ARC = YES;
				CLANG_ENABLE_OBJC_WEAK = YES;
				CLANG_WARN_BLOCK_CAPTURE_AUTORELEASING = YES;
				CLANG_WARN_BOOL_CONVERSION = YES;
				CLANG_WARN_COMMA = YES;
				CLANG_WARN_CONSTANT_CONVERSION = YES;
				CLANG_WARN_DEPRECATED_OBJC_IMPLEMENTATIONS = YES;
				CLANG_WARN_DIRECT_OBJC_ISA_USAGE = YES_ERROR;
				CLANG_WARN_DOCUMENTATION_COMMENTS = YES;
				CLANG_WARN_EMPTY_BODY = YES;
				CLANG_WARN_ENUM_CONVERSION = YES;
				CLANG_WARN_INFINITE_RECURSION = YES;
				CLANG_WARN_INT_CONVERSION = YES;
				CLANG_WARN_NON_LITERAL_NULL_CONVERSION = YES;
				CLANG_WARN_OBJC_IMPLICIT_RETAIN_SELF = YES;
				CLANG_WARN_OBJC_LITERAL_CONVERSION = YES;
				CLANG_WARN_OBJC_ROOT_CLASS = YES_ERROR;
				CLANG_WARN_RANGE_LOOP_ANALYSIS = YES;
				CLANG_WARN_STRICT_PROTOTYPES = YES;
				CLANG_WARN_SUSPICIOUS_MOVE = YES;
				CLANG_WARN_UNGUARDED_AVAILABILITY = YES_AGGRESSIVE;
				CLANG_WARN_UNREACHABLE_CODE = YES;
				CLANG_WARN__DUPLICATE_METHOD_MATCH = YES;
				CODE_SIGN_IDENTITY = "iPhone Developer";
				COPY_PHASE_STRIP = NO;
				DEBUG_INFORMATION_FORMAT = dwarf;
				ENABLE_STRICT_OBJC_MSGSEND = YES;
				ENABLE_TESTABILITY = YES;
				GCC_C_LANGUAGE_STANDARD = gnu11;
				GCC_DYNAMIC_NO_PIC = NO;
				GCC_NO_COMMON_BLOCKS = YES;
				GCC_OPTIMIZATION_LEVEL = 0;
				GCC_PREPROCESSOR_DEFINITIONS = (
					"DEBUG=1",
					"$(inherited)",
				);
				GCC_WARN_64_TO_32_BIT_CONVERSION = YES;
				GCC_WARN_ABOUT_RETURN_TYPE = YES_ERROR;
				GCC_WARN_UNDECLARED_SELECTOR = YES;
				GCC_WARN_UNINITIALIZED_AUTOS = YES_AGGRESSIVE;
				GCC_WARN_UNUSED_FUNCTION = YES;
				GCC_WARN_UNUSED_VARIABLE = YES;
				IPHONEOS_DEPLOYMENT_TARGET = 11.4;
				MTL_ENABLE_DEBUG_INFO = YES;
				ONLY_ACTIVE_ARCH = YES;
				SDKROOT = iphoneos;
				SWIFT_ACTIVE_COMPILATION_CONDITIONS = DEBUG;
				SWIFT_OPTIMIZATION_LEVEL = "-Onone";
			};
			name = Debug;
		};
		4D4D007F213FAE3E0093302A /* Release */ = {
			isa = XCBuildConfiguration;
			buildSettings = {
				ALWAYS_SEARCH_USER_PATHS = NO;
				CLANG_ANALYZER_NONNULL = YES;
				CLANG_ANALYZER_NUMBER_OBJECT_CONVERSION = YES_AGGRESSIVE;
				CLANG_CXX_LANGUAGE_STANDARD = "gnu++14";
				CLANG_CXX_LIBRARY = "libc++";
				CLANG_ENABLE_MODULES = YES;
				CLANG_ENABLE_OBJC_ARC = YES;
				CLANG_ENABLE_OBJC_WEAK = YES;
				CLANG_WARN_BLOCK_CAPTURE_AUTORELEASING = YES;
				CLANG_WARN_BOOL_CONVERSION = YES;
				CLANG_WARN_COMMA = YES;
				CLANG_WARN_CONSTANT_CONVERSION = YES;
				CLANG_WARN_DEPRECATED_OBJC_IMPLEMENTATIONS = YES;
				CLANG_WARN_DIRECT_OBJC_ISA_USAGE = YES_ERROR;
				CLANG_WARN_DOCUMENTATION_COMMENTS = YES;
				CLANG_WARN_EMPTY_BODY = YES;
				CLANG_WARN_ENUM_CONVERSION = YES;
				CLANG_WARN_INFINITE_RECURSION = YES;
				CLANG_WARN_INT_CONVERSION = YES;
				CLANG_WARN_NON_LITERAL_NULL_CONVERSION = YES;
				CLANG_WARN_OBJC_IMPLICIT_RETAIN_SELF = YES;
				CLANG_WARN_OBJC_LITERAL_CONVERSION = YES;
				CLANG_WARN_OBJC_ROOT_CLASS = YES_ERROR;
				CLANG_WARN_RANGE_LOOP_ANALYSIS = YES;
				CLANG_WARN_STRICT_PROTOTYPES = YES;
				CLANG_WARN_SUSPICIOUS_MOVE = YES;
				CLANG_WARN_UNGUARDED_AVAILABILITY = YES_AGGRESSIVE;
				CLANG_WARN_UNREACHABLE_CODE = YES;
				CLANG_WARN__DUPLICATE_METHOD_MATCH = YES;
				CODE_SIGN_IDENTITY = "iPhone Developer";
				COPY_PHASE_STRIP = NO;
				DEBUG_INFORMATION_FORMAT = "dwarf-with-dsym";
				ENABLE_NS_ASSERTIONS = NO;
				ENABLE_STRICT_OBJC_MSGSEND = YES;
				GCC_C_LANGUAGE_STANDARD = gnu11;
				GCC_NO_COMMON_BLOCKS = YES;
				GCC_WARN_64_TO_32_BIT_CONVERSION = YES;
				GCC_WARN_ABOUT_RETURN_TYPE = YES_ERROR;
				GCC_WARN_UNDECLARED_SELECTOR = YES;
				GCC_WARN_UNINITIALIZED_AUTOS = YES_AGGRESSIVE;
				GCC_WARN_UNUSED_FUNCTION = YES;
				GCC_WARN_UNUSED_VARIABLE = YES;
				IPHONEOS_DEPLOYMENT_TARGET = 11.4;
				MTL_ENABLE_DEBUG_INFO = NO;
				SDKROOT = iphoneos;
				SWIFT_COMPILATION_MODE = wholemodule;
				SWIFT_OPTIMIZATION_LEVEL = "-O";
				VALIDATE_PRODUCT = YES;
			};
			name = Release;
		};
		4D4D0081213FAE3E0093302A /* Debug */ = {
			isa = XCBuildConfiguration;
			buildSettings = {
				ASSETCATALOG_COMPILER_APPICON_NAME = AppIcon;
				CODE_SIGN_STYLE = Automatic;
				DEVELOPMENT_TEAM = 8B3U3L5BEK;
				INFOPLIST_FILE = Gallery/Info.plist;
				LD_RUNPATH_SEARCH_PATHS = (
					"$(inherited)",
					"@executable_path/Frameworks",
				);
				PRODUCT_BUNDLE_IDENTIFIER = osc.Gallery;
				PRODUCT_NAME = "$(TARGET_NAME)";
				SWIFT_VERSION = 4.0;
				TARGETED_DEVICE_FAMILY = "1,2";
			};
			name = Debug;
		};
		4D4D0082213FAE3E0093302A /* Release */ = {
			isa = XCBuildConfiguration;
			buildSettings = {
				ASSETCATALOG_COMPILER_APPICON_NAME = AppIcon;
				CODE_SIGN_STYLE = Automatic;
				DEVELOPMENT_TEAM = 8B3U3L5BEK;
				INFOPLIST_FILE = Gallery/Info.plist;
				LD_RUNPATH_SEARCH_PATHS = (
					"$(inherited)",
					"@executable_path/Frameworks",
				);
				PRODUCT_BUNDLE_IDENTIFIER = osc.Gallery;
				PRODUCT_NAME = "$(TARGET_NAME)";
				SWIFT_VERSION = 4.0;
				TARGETED_DEVICE_FAMILY = "1,2";
			};
			name = Release;
		};
/* End XCBuildConfiguration section */

/* Begin XCConfigurationList section */
		4D4D0069213FAE3A0093302A /* Build configuration list for PBXProject "Gallery" */ = {
			isa = XCConfigurationList;
			buildConfigurations = (
				4D4D007E213FAE3E0093302A /* Debug */,
				4D4D007F213FAE3E0093302A /* Release */,
			);
			defaultConfigurationIsVisible = 0;
			defaultConfigurationName = Release;
		};
		4D4D0080213FAE3E0093302A /* Build configuration list for PBXNativeTarget "Gallery" */ = {
			isa = XCConfigurationList;
			buildConfigurations = (
				4D4D0081213FAE3E0093302A /* Debug */,
				4D4D0082213FAE3E0093302A /* Release */,
			);
			defaultConfigurationIsVisible = 0;
			defaultConfigurationName = Release;
		};
/* End XCConfigurationList section */

/* Begin XCVersionGroup section */
		4D4D0089213FC7B70093302A /* Gallery.xcdatamodeld */ = {
			isa = XCVersionGroup;
			children = (
				4D4D008A213FC7B70093302A /* Gallery.xcdatamodel */,
			);
			currentVersion = 4D4D008A213FC7B70093302A /* Gallery.xcdatamodel */;
			path = Gallery.xcdatamodeld;
			sourceTree = "<group>";
			versionGroupType = wrapper.xcdatamodel;
		};
/* End XCVersionGroup section */
	};
	rootObject = 4D4D0066213FAE3A0093302A /* Project object */;
}
